# Pinned Windows cross-compilation dependencies.
#
# Generated by windows/toolchain/Make-WindowsToolchain.ps1 -- do not hand-edit.
# Regenerate on a Windows machine; see doc/WINDOWS.md.

BUNDLE_TAG=2026.08-mt1
BASE_URL=https://photo-salon.s3.amazonaws.com/_build/windows/2026.08-mt1
MSVC_TOOLSET=14.51.36231
WINDOWS_SDK=10.0.26100.0
QT_VERSION=6.11.1
CRT_LINKAGE=MultiThreaded

MSVC_FILE=msvc-14.51.36231.tar.gz
MSVC_DIR=msvc
MSVC_SHA256=ffd4083f1b62cade30add711ac6c4d02011a638e833081f1a241acebd36dcefe

SDK_FILE=sdk-10.0.26100.0.tar.gz
SDK_DIR=sdk
SDK_SHA256=d3270e4f4734a2485fcf21d24574f478b24f309d343fc0d7af49c74eef7dac03

QT_FILE=qt-6.11.1-14.51.36231.tar.gz
QT_DIR=qt-6.11/x64
QT_SHA256=c34b2fd2f57ba9db7bdd3afdd79c42920bba022ec4aeaaf7c1d23f7ef52f1dec

CODECS_FILE=codecs-14.51.36231.tar.gz
CODECS_DIR=codecs/x64
CODECS_SHA256=c3f46f2f34e7fd762f6fc083010b3989022a10f588238e1dc135a7097a35d4ef

