# Pinned Windows cross-compilation dependencies.
#
# Generated by windows/toolchain/Make-WindowsToolchain.ps1 -- do not hand-edit.
# Regenerate on a Windows machine; see doc/WINDOWS.md.

BUNDLE_TAG=2026.09-de265fix
BASE_URL=https://photo-salon.s3.amazonaws.com/_build/windows/2026.09-de265fix
MSVC_TOOLSET=14.51.36231
WINDOWS_SDK=10.0.26100.0
QT_VERSION=6.11.1
CRT_LINKAGE=MultiThreaded

MSVC_FILE=msvc-14.51.36231.tar.gz
MSVC_DIR=msvc
MSVC_SHA256=cc22df84014e8f287faf6306a0a239fe5741ebd3900eedfe047db6c1c80bf5a7

SDK_FILE=sdk-10.0.26100.0.tar.gz
SDK_DIR=sdk
SDK_SHA256=1338d4620f67887103bd4cbbf1f974c9e26047ecf71e424173838cc23b3cfba2

QT_FILE=qt-6.11.1-14.51.36231.tar.gz
QT_DIR=qt-6.11/x64
QT_SHA256=c4ad66606f280efcd2ecdcef53e8f50d71765f253ee78d091cf64e9a7a724712

CODECS_FILE=codecs-14.51.36231.tar.gz
CODECS_DIR=codecs/x64
CODECS_SHA256=47637fe4bf00c1fcb166727a94a3df2b9b0f995ac1e4bcab25a3b96f9558678a

